
Microsoft Visual Studio Solution File, Format Version 12.00
# Visual Studio 15
VisualStudioVersion = 15.0.27004.2010
MinimumVisualStudioVersion = 10.0.40219.1
Project("{F2A71F9B-5D33-465A-A702-920D77279786}") = "Test", "Test\Test.fsproj", "{71220903-DA6A-4208-A3B3-2E24D6CFBBD1}"
EndProject
Project("{2150E333-8FDC-42A3-9474-1A3956D46DE8}") = "Solution Items", "Solution Items", "{E3834400-0075-43BE-A170-7E71791F8A43}"
	ProjectSection(SolutionItems) = preProject
		COPYING = COPYING
		HISTORY.md = HISTORY.md
		README.md = README.md
	EndProjectSection
EndProject
Project("{F2A71F9B-5D33-465A-A702-920D77279786}") = "BenchmarkFS", "BenchmarkFS\BenchmarkFS.fsproj", "{85101878-6330-48DC-8455-DD5366F2D6B1}"
EndProject
Project("{FAE04EC0-301F-11D3-BF4B-00C04F79EFBC}") = "BenchmarkCS", "BenchmarkCS\BenchmarkCS.csproj", "{142E16F1-134A-405E-8507-D6BD2C6EFDDE}"
EndProject
Project("{F2A71F9B-5D33-465A-A702-920D77279786}") = "TestValueTask", "TestValueTask\TestValueTask.fsproj", "{D4FE81B6-4E7E-47D9-A84A-1C92837FFDA8}"
EndProject
Global
	GlobalSection(SolutionConfigurationPlatforms) = preSolution
		Debug|Any CPU = Debug|Any CPU
		Release|Any CPU = Release|Any CPU
	EndGlobalSection
	GlobalSection(ProjectConfigurationPlatforms) = postSolution
		{71220903-DA6A-4208-A3B3-2E24D6CFBBD1}.Debug|Any CPU.ActiveCfg = Debug|Any CPU
		{71220903-DA6A-4208-A3B3-2E24D6CFBBD1}.Debug|Any CPU.Build.0 = Debug|Any CPU
		{71220903-DA6A-4208-A3B3-2E24D6CFBBD1}.Release|Any CPU.ActiveCfg = Release|Any CPU
		{71220903-DA6A-4208-A3B3-2E24D6CFBBD1}.Release|Any CPU.Build.0 = Release|Any CPU
		{85101878-6330-48DC-8455-DD5366F2D6B1}.Debug|Any CPU.ActiveCfg = Debug|Any CPU
		{85101878-6330-48DC-8455-DD5366F2D6B1}.Debug|Any CPU.Build.0 = Debug|Any CPU
		{85101878-6330-48DC-8455-DD5366F2D6B1}.Release|Any CPU.ActiveCfg = Release|Any CPU
		{85101878-6330-48DC-8455-DD5366F2D6B1}.Release|Any CPU.Build.0 = Release|Any CPU
		{142E16F1-134A-405E-8507-D6BD2C6EFDDE}.Debug|Any CPU.ActiveCfg = Debug|Any CPU
		{142E16F1-134A-405E-8507-D6BD2C6EFDDE}.Debug|Any CPU.Build.0 = Debug|Any CPU
		{142E16F1-134A-405E-8507-D6BD2C6EFDDE}.Release|Any CPU.ActiveCfg = Release|Any CPU
		{142E16F1-134A-405E-8507-D6BD2C6EFDDE}.Release|Any CPU.Build.0 = Release|Any CPU
		{D4FE81B6-4E7E-47D9-A84A-1C92837FFDA8}.Debug|Any CPU.ActiveCfg = Debug|Any CPU
		{D4FE81B6-4E7E-47D9-A84A-1C92837FFDA8}.Debug|Any CPU.Build.0 = Debug|Any CPU
		{D4FE81B6-4E7E-47D9-A84A-1C92837FFDA8}.Release|Any CPU.ActiveCfg = Release|Any CPU
		{D4FE81B6-4E7E-47D9-A84A-1C92837FFDA8}.Release|Any CPU.Build.0 = Release|Any CPU
	EndGlobalSection
	GlobalSection(SolutionProperties) = preSolution
		HideSolutionNode = FALSE
	EndGlobalSection
	GlobalSection(ExtensibilityGlobals) = postSolution
		SolutionGuid = {1653F99A-4669-4878-97B4-6D4EFD08ED75}
	EndGlobalSection
EndGlobal
